
Microsoft Visual Studio Solution File, Format Version 12.00
# Visual Studio 15
VisualStudioVersion = 15.0.28307.168
MinimumVisualStudioVersion = 10.0.40219.1
Project("{9A19103F-16F7-4668-BE54-9A1E7A4F7556}") = "MarkdownWebsite", "MarkdownWebsite\MarkdownWebsite.csproj", "{69C40DF0-EC64-44C6-A46B-25D729677A47}"
EndProject
Global
	GlobalSection(SolutionConfigurationPlatforms) = preSolution
		Debug|Any CPU = Debug|Any CPU
		Release|Any CPU = Release|Any CPU
	EndGlobalSection
	GlobalSection(ProjectConfigurationPlatforms) = postSolution
		{69C40DF0-EC64-44C6-A46B-25D729677A47}.Debug|Any CPU.ActiveCfg = Debug|Any CPU
		{69C40DF0-EC64-44C6-A46B-25D729677A47}.Debug|Any CPU.Build.0 = Debug|Any CPU
		{69C40DF0-EC64-44C6-A46B-25D729677A47}.Release|Any CPU.ActiveCfg = Release|Any CPU
		{69C40DF0-EC64-44C6-A46B-25D729677A47}.Release|Any CPU.Build.0 = Release|Any CPU
	EndGlobalSection
	GlobalSection(SolutionProperties) = preSolution
		HideSolutionNode = FALSE
	EndGlobalSection
	GlobalSection(ExtensibilityGlobals) = postSolution
		SolutionGuid = {10793AC5-2E90-4582-A944-8C69772817ED}
	EndGlobalSection
EndGlobal
